
Microsoft Visual Studio Solution File, Format Version 12.00
# Visual Studio Version 16
VisualStudioVersion = 25.0.1706.7
MinimumVisualStudioVersion = 10.0.40219.1
Project("{FAE04EC0-301F-11D3-BF4B-00C04F79EFBC}") = "BPOneTestAPI.Domain", "BPOneTestAPI.Domain\BPOneTestAPI.Domain.csproj", "{6E470E3B-8191-4465-99AA-F2FE5A913EFD}"
EndProject
Project("{FAE04EC0-301F-11D3-BF4B-00C04F79EFBC}") = "BPOneTestAPI.Application", "BPOneTestAPI.Application\BPOneTestAPI.Application.csproj", "{BD805542-F0EA-4BDE-913C-B990EB35CDF9}"
EndProject
Project("{FAE04EC0-301F-11D3-BF4B-00C04F79EFBC}") = "BPOneTestAPI.Infra.Data", "BPOneTestAPI.Infra.Data\BPOneTestAPI.Infra.Data.csproj", "{E256573C-6DF9-4280-9BF8-7055678D3894}"
EndProject
Project("{FAE04EC0-301F-11D3-BF4B-00C04F79EFBC}") = "BPOneTestAPI.Infra.IoC", "BPOneTestAPI.Infra.IoC\BPOneTestAPI.Infra.IoC.csproj", "{DD2F8E54-6AC4-415D-AE86-20CAFC858244}"
EndProject
Project("{FAE04EC0-301F-11D3-BF4B-00C04F79EFBC}") = "BPOneTestAPI.API", "BPOneTestAPI.API\BPOneTestAPI.API.csproj", "{DF5BC160-3EE1-48DC-BCA5-1398CB73E93E}"
EndProject
Global
	GlobalSection(SolutionConfigurationPlatforms) = preSolution
		Debug|Any CPU = Debug|Any CPU
		Release|Any CPU = Release|Any CPU
	EndGlobalSection
	GlobalSection(ProjectConfigurationPlatforms) = postSolution
		{6E470E3B-8191-4465-99AA-F2FE5A913EFD}.Debug|Any CPU.ActiveCfg = Debug|Any CPU
		{6E470E3B-8191-4465-99AA-F2FE5A913EFD}.Debug|Any CPU.Build.0 = Debug|Any CPU
		{6E470E3B-8191-4465-99AA-F2FE5A913EFD}.Release|Any CPU.ActiveCfg = Release|Any CPU
		{6E470E3B-8191-4465-99AA-F2FE5A913EFD}.Release|Any CPU.Build.0 = Release|Any CPU
		{BD805542-F0EA-4BDE-913C-B990EB35CDF9}.Debug|Any CPU.ActiveCfg = Debug|Any CPU
		{BD805542-F0EA-4BDE-913C-B990EB35CDF9}.Debug|Any CPU.Build.0 = Debug|Any CPU
		{BD805542-F0EA-4BDE-913C-B990EB35CDF9}.Release|Any CPU.ActiveCfg = Release|Any CPU
		{BD805542-F0EA-4BDE-913C-B990EB35CDF9}.Release|Any CPU.Build.0 = Release|Any CPU
		{E256573C-6DF9-4280-9BF8-7055678D3894}.Debug|Any CPU.ActiveCfg = Debug|Any CPU
		{E256573C-6DF9-4280-9BF8-7055678D3894}.Debug|Any CPU.Build.0 = Debug|Any CPU
		{E256573C-6DF9-4280-9BF8-7055678D3894}.Release|Any CPU.ActiveCfg = Release|Any CPU
		{E256573C-6DF9-4280-9BF8-7055678D3894}.Release|Any CPU.Build.0 = Release|Any CPU
		{DD2F8E54-6AC4-415D-AE86-20CAFC858244}.Debug|Any CPU.ActiveCfg = Debug|Any CPU
		{DD2F8E54-6AC4-415D-AE86-20CAFC858244}.Debug|Any CPU.Build.0 = Debug|Any CPU
		{DD2F8E54-6AC4-415D-AE86-20CAFC858244}.Release|Any CPU.ActiveCfg = Release|Any CPU
		{DD2F8E54-6AC4-415D-AE86-20CAFC858244}.Release|Any CPU.Build.0 = Release|Any CPU
		{DF5BC160-3EE1-48DC-BCA5-1398CB73E93E}.Debug|Any CPU.ActiveCfg = Debug|Any CPU
		{DF5BC160-3EE1-48DC-BCA5-1398CB73E93E}.Debug|Any CPU.Build.0 = Debug|Any CPU
		{DF5BC160-3EE1-48DC-BCA5-1398CB73E93E}.Release|Any CPU.ActiveCfg = Release|Any CPU
		{DF5BC160-3EE1-48DC-BCA5-1398CB73E93E}.Release|Any CPU.Build.0 = Release|Any CPU
	EndGlobalSection
	GlobalSection(SolutionProperties) = preSolution
		HideSolutionNode = FALSE
	EndGlobalSection
	GlobalSection(ExtensibilityGlobals) = postSolution
		SolutionGuid = {6AD31CC9-7CCD-482B-902C-F0484EBB1121}
	EndGlobalSection
EndGlobal
